// !$*UTF8*$!
{
	archiveVersion = 1;
	classes = {
	};
	objectVersion = 50;
	objects = {

/* Begin PBXBuildFile section */
		2043F478248F830F00A8B93A /* ServiceInfo.swift in Sources */ = {isa = PBXBuildFile; fileRef = 2043F477248F830F00A8B93A /* ServiceInfo.swift */; };
		2043F479248F830F00A8B93A /* ServiceInfo.swift in Sources */ = {isa = PBXBuildFile; fileRef = 2043F477248F830F00A8B93A /* ServiceInfo.swift */; };
		2092CA482485E42C00CB5930 /* Peripheral.swift in Sources */ = {isa = PBXBuildFile; fileRef = 2092CA472485E42C00CB5930 /* Peripheral.swift */; };
		2092CA492485E42C00CB5930 /* Peripheral.swift in Sources */ = {isa = PBXBuildFile; fileRef = 2092CA472485E42C00CB5930 /* Peripheral.swift */; };
		2092CA4B2485E46900CB5930 /* PeripheralDelegateProxy.swift in Sources */ = {isa = PBXBuildFile; fileRef = 2092CA4A2485E46900CB5930 /* PeripheralDelegateProxy.swift */; };
		2092CA4C2485E46900CB5930 /* PeripheralDelegateProxy.swift in Sources */ = {isa = PBXBuildFile; fileRef = 2092CA4A2485E46900CB5930 /* PeripheralDelegateProxy.swift */; };
		2092CA4E2485ECB000CB5930 /* ServiceInterested.swift in Sources */ = {isa = PBXBuildFile; fileRef = 2092CA4D2485ECB000CB5930 /* ServiceInterested.swift */; };
		2092CA4F2485ECB000CB5930 /* ServiceInterested.swift in Sources */ = {isa = PBXBuildFile; fileRef = 2092CA4D2485ECB000CB5930 /* ServiceInterested.swift */; };
		2092CA5E2488D5EB00CB5930 /* DataFormatter.swift in Sources */ = {isa = PBXBuildFile; fileRef = 2092CA5D2488D5EB00CB5930 /* DataFormatter.swift */; };
		2092CA5F2488D5EB00CB5930 /* DataFormatter.swift in Sources */ = {isa = PBXBuildFile; fileRef = 2092CA5D2488D5EB00CB5930 /* DataFormatter.swift */; };
		20B77CB1247FB7D000C1D503 /* Logger.swift in Sources */ = {isa = PBXBuildFile; fileRef = 20B77CB0247FB7D000C1D503 /* Logger.swift */; };
		20B77CB2247FB7D000C1D503 /* Logger.swift in Sources */ = {isa = PBXBuildFile; fileRef = 20B77CB0247FB7D000C1D503 /* Logger.swift */; };
		20B77CB4247FBB0D00C1D503 /* DispatchTimer.swift in Sources */ = {isa = PBXBuildFile; fileRef = 20B77CB3247FBB0D00C1D503 /* DispatchTimer.swift */; };
		20B77CB5247FBB0D00C1D503 /* DispatchTimer.swift in Sources */ = {isa = PBXBuildFile; fileRef = 20B77CB3247FBB0D00C1D503 /* DispatchTimer.swift */; };
		20B77CBC247FBB8700C1D503 /* PeripheralDiscovery.swift in Sources */ = {isa = PBXBuildFile; fileRef = 20B77CB7247FBB8700C1D503 /* PeripheralDiscovery.swift */; };
		20B77CBD247FBB8700C1D503 /* PeripheralDiscovery.swift in Sources */ = {isa = PBXBuildFile; fileRef = 20B77CB7247FBB8700C1D503 /* PeripheralDiscovery.swift */; };
		20B77CBE247FBB8700C1D503 /* Availability.swift in Sources */ = {isa = PBXBuildFile; fileRef = 20B77CB8247FBB8700C1D503 /* Availability.swift */; };
		20B77CBF247FBB8700C1D503 /* Availability.swift in Sources */ = {isa = PBXBuildFile; fileRef = 20B77CB8247FBB8700C1D503 /* Availability.swift */; };
		20B77CC0247FBB8700C1D503 /* CentralManager.swift in Sources */ = {isa = PBXBuildFile; fileRef = 20B77CB9247FBB8700C1D503 /* CentralManager.swift */; };
		20B77CC1247FBB8700C1D503 /* CentralManager.swift in Sources */ = {isa = PBXBuildFile; fileRef = 20B77CB9247FBB8700C1D503 /* CentralManager.swift */; };
		20B77CC8247FBB9200C1D503 /* ConnectionAttempt.swift in Sources */ = {isa = PBXBuildFile; fileRef = 20B77CC2247FBB9200C1D503 /* ConnectionAttempt.swift */; };
		20B77CC9247FBB9200C1D503 /* ConnectionAttempt.swift in Sources */ = {isa = PBXBuildFile; fileRef = 20B77CC2247FBB9200C1D503 /* ConnectionAttempt.swift */; };
		20B77CCE247FBB9200C1D503 /* Scanner.swift in Sources */ = {isa = PBXBuildFile; fileRef = 20B77CC5247FBB9200C1D503 /* Scanner.swift */; };
		20B77CCF247FBB9200C1D503 /* Scanner.swift in Sources */ = {isa = PBXBuildFile; fileRef = 20B77CC5247FBB9200C1D503 /* Scanner.swift */; };
		20B77CD0247FBB9200C1D503 /* InternalAvailability.swift in Sources */ = {isa = PBXBuildFile; fileRef = 20B77CC6247FBB9200C1D503 /* InternalAvailability.swift */; };
		20B77CD1247FBB9200C1D503 /* InternalAvailability.swift in Sources */ = {isa = PBXBuildFile; fileRef = 20B77CC6247FBB9200C1D503 /* InternalAvailability.swift */; };
		20B77CD2247FBB9200C1D503 /* ConnectionPool.swift in Sources */ = {isa = PBXBuildFile; fileRef = 20B77CC7247FBB9200C1D503 /* ConnectionPool.swift */; };
		20B77CD3247FBB9200C1D503 /* ConnectionPool.swift in Sources */ = {isa = PBXBuildFile; fileRef = 20B77CC7247FBB9200C1D503 /* ConnectionPool.swift */; };
		20B77D1F247FCC9F00C1D503 /* Helper.swift in Sources */ = {isa = PBXBuildFile; fileRef = 20B77D1E247FCC9F00C1D503 /* Helper.swift */; };
		20B77D212480B17F00C1D503 /* Locks.swift in Sources */ = {isa = PBXBuildFile; fileRef = 20B77D202480B17F00C1D503 /* Locks.swift */; };
		20B77D222480B17F00C1D503 /* Locks.swift in Sources */ = {isa = PBXBuildFile; fileRef = 20B77D202480B17F00C1D503 /* Locks.swift */; };
		20B77D242480FA0B00C1D503 /* ErrorLocalizedDescriptions.swift in Sources */ = {isa = PBXBuildFile; fileRef = 20B77D232480FA0B00C1D503 /* ErrorLocalizedDescriptions.swift */; };
		20B77D252480FA0B00C1D503 /* ErrorLocalizedDescriptions.swift in Sources */ = {isa = PBXBuildFile; fileRef = 20B77D232480FA0B00C1D503 /* ErrorLocalizedDescriptions.swift */; };
		20B77D422484D53800C1D503 /* CentralDelegateProxy.swift in Sources */ = {isa = PBXBuildFile; fileRef = 20B77D412484D53800C1D503 /* CentralDelegateProxy.swift */; };
		20B77D432484D53800C1D503 /* CentralDelegateProxy.swift in Sources */ = {isa = PBXBuildFile; fileRef = 20B77D412484D53800C1D503 /* CentralDelegateProxy.swift */; };
		20B77D452484DE0400C1D503 /* BluetoothCentral.h in Headers */ = {isa = PBXBuildFile; fileRef = 20B77C99247FAE2D00C1D503 /* BluetoothCentral.h */; settings = {ATTRIBUTES = (Public, ); }; };
		20B77D462484DE0500C1D503 /* BluetoothCentral.h in Headers */ = {isa = PBXBuildFile; fileRef = 20B77C99247FAE2D00C1D503 /* BluetoothCentral.h */; settings = {ATTRIBUTES = (Public, ); }; };
		20B77D472484DE1800C1D503 /* Helper.swift in Sources */ = {isa = PBXBuildFile; fileRef = 20B77D1E247FCC9F00C1D503 /* Helper.swift */; };
		20B77D502484F06600C1D503 /* SendDataChannel.swift in Sources */ = {isa = PBXBuildFile; fileRef = 20B77D4F2484F06600C1D503 /* SendDataChannel.swift */; };
		20B77D512484F06600C1D503 /* SendDataChannel.swift in Sources */ = {isa = PBXBuildFile; fileRef = 20B77D4F2484F06600C1D503 /* SendDataChannel.swift */; };
/* End PBXBuildFile section */

/* Begin PBXFileReference section */
		2043F477248F830F00A8B93A /* ServiceInfo.swift */ = {isa = PBXFileReference; lastKnownFileType = sourcecode.swift; path = ServiceInfo.swift; sourceTree = "<group>"; };
		2092CA472485E42C00CB5930 /* Peripheral.swift */ = {isa = PBXFileReference; lastKnownFileType = sourcecode.swift; path = Peripheral.swift; sourceTree = "<group>"; };
		2092CA4A2485E46900CB5930 /* PeripheralDelegateProxy.swift */ = {isa = PBXFileReference; lastKnownFileType = sourcecode.swift; path = PeripheralDelegateProxy.swift; sourceTree = "<group>"; };
		2092CA4D2485ECB000CB5930 /* ServiceInterested.swift */ = {isa = PBXFileReference; lastKnownFileType = sourcecode.swift; path = ServiceInterested.swift; sourceTree = "<group>"; };
		2092CA5D2488D5EB00CB5930 /* DataFormatter.swift */ = {isa = PBXFileReference; fileEncoding = 4; lastKnownFileType = sourcecode.swift; path = DataFormatter.swift; sourceTree = "<group>"; };
		20B77C97247FAE2D00C1D503 /* BluetoothCentral.framework */ = {isa = PBXFileReference; explicitFileType = wrapper.framework; includeInIndex = 0; path = BluetoothCentral.framework; sourceTree = BUILT_PRODUCTS_DIR; };
		20B77C99247FAE2D00C1D503 /* BluetoothCentral.h */ = {isa = PBXFileReference; lastKnownFileType = sourcecode.c.h; path = BluetoothCentral.h; sourceTree = "<group>"; };
		20B77C9A247FAE2D00C1D503 /* Info.plist */ = {isa = PBXFileReference; lastKnownFileType = text.plist.xml; path = Info.plist; sourceTree = "<group>"; };
		20B77CA4247FAE3E00C1D503 /* BluetoothCentral.framework */ = {isa = PBXFileReference; explicitFileType = wrapper.framework; includeInIndex = 0; path = BluetoothCentral.framework; sourceTree = BUILT_PRODUCTS_DIR; };
		20B77CB0247FB7D000C1D503 /* Logger.swift */ = {isa = PBXFileReference; fileEncoding = 4; lastKnownFileType = sourcecode.swift; path = Logger.swift; sourceTree = "<group>"; };
		20B77CB3247FBB0D00C1D503 /* DispatchTimer.swift */ = {isa = PBXFileReference; fileEncoding = 4; lastKnownFileType = sourcecode.swift; path = DispatchTimer.swift; sourceTree = "<group>"; };
		20B77CB7247FBB8700C1D503 /* PeripheralDiscovery.swift */ = {isa = PBXFileReference; fileEncoding = 4; lastKnownFileType = sourcecode.swift; path = PeripheralDiscovery.swift; sourceTree = "<group>"; };
		20B77CB8247FBB8700C1D503 /* Availability.swift */ = {isa = PBXFileReference; fileEncoding = 4; lastKnownFileType = sourcecode.swift; path = Availability.swift; sourceTree = "<group>"; };
		20B77CB9247FBB8700C1D503 /* CentralManager.swift */ = {isa = PBXFileReference; fileEncoding = 4; lastKnownFileType = sourcecode.swift; path = CentralManager.swift; sourceTree = "<group>"; };
		20B77CC2247FBB9200C1D503 /* ConnectionAttempt.swift */ = {isa = PBXFileReference; fileEncoding = 4; lastKnownFileType = sourcecode.swift; path = ConnectionAttempt.swift; sourceTree = "<group>"; };
		20B77CC5247FBB9200C1D503 /* Scanner.swift */ = {isa = PBXFileReference; fileEncoding = 4; lastKnownFileType = sourcecode.swift; path = Scanner.swift; sourceTree = "<group>"; };
		20B77CC6247FBB9200C1D503 /* InternalAvailability.swift */ = {isa = PBXFileReference; fileEncoding = 4; lastKnownFileType = sourcecode.swift; path = InternalAvailability.swift; sourceTree = "<group>"; };
		20B77CC7247FBB9200C1D503 /* ConnectionPool.swift */ = {isa = PBXFileReference; fileEncoding = 4; lastKnownFileType = sourcecode.swift; path = ConnectionPool.swift; sourceTree = "<group>"; };
		20B77D1E247FCC9F00C1D503 /* Helper.swift */ = {isa = PBXFileReference; lastKnownFileType = sourcecode.swift; path = Helper.swift; sourceTree = "<group>"; };
		20B77D202480B17F00C1D503 /* Locks.swift */ = {isa = PBXFileReference; fileEncoding = 4; lastKnownFileType = sourcecode.swift; path = Locks.swift; sourceTree = "<group>"; };
		20B77D232480FA0B00C1D503 /* ErrorLocalizedDescriptions.swift */ = {isa = PBXFileReference; lastKnownFileType = sourcecode.swift; path = ErrorLocalizedDescriptions.swift; sourceTree = "<group>"; };
		20B77D412484D53800C1D503 /* CentralDelegateProxy.swift */ = {isa = PBXFileReference; fileEncoding = 4; lastKnownFileType = sourcecode.swift; path = CentralDelegateProxy.swift; sourceTree = "<group>"; };
		20B77D4F2484F06600C1D503 /* SendDataChannel.swift */ = {isa = PBXFileReference; lastKnownFileType = sourcecode.swift; path = SendDataChannel.swift; sourceTree = "<group>"; };
/* End PBXFileReference section */

/* Begin PBXFrameworksBuildPhase section */
		20B77C94247FAE2D00C1D503 /* Frameworks */ = {
			isa = PBXFrameworksBuildPhase;
			buildActionMask = 2147483647;
			files = (
			);
			runOnlyForDeploymentPostprocessing = 0;
		};
		20B77CA1247FAE3E00C1D503 /* Frameworks */ = {
			isa = PBXFrameworksBuildPhase;
			buildActionMask = 2147483647;
			files = (
			);
			runOnlyForDeploymentPostprocessing = 0;
		};
/* End PBXFrameworksBuildPhase section */

/* Begin PBXGroup section */
		20B77C63247FAD5500C1D503 = {
			isa = PBXGroup;
			children = (
				20B77CAC247FAE4500C1D503 /* Source */,
				20B77C98247FAE2D00C1D503 /* BluetoothCentral */,
				20B77C70247FAD9000C1D503 /* Products */,
			);
			sourceTree = "<group>";
		};
		20B77C70247FAD9000C1D503 /* Products */ = {
			isa = PBXGroup;
			children = (
				20B77C97247FAE2D00C1D503 /* BluetoothCentral.framework */,
				20B77CA4247FAE3E00C1D503 /* BluetoothCentral.framework */,
			);
			name = Products;
			sourceTree = "<group>";
		};
		20B77C98247FAE2D00C1D503 /* BluetoothCentral */ = {
			isa = PBXGroup;
			children = (
				20B77C99247FAE2D00C1D503 /* BluetoothCentral.h */,
				20B77C9A247FAE2D00C1D503 /* Info.plist */,
			);
			path = BluetoothCentral;
			sourceTree = "<group>";
		};
		20B77CAC247FAE4500C1D503 /* Source */ = {
			isa = PBXGroup;
			children = (
				20B77CAF247FB21500C1D503 /* Public */,
				20B77CAE247FB20200C1D503 /* Internal */,
				20B77CAD247FB1F000C1D503 /* Util */,
			);
			path = Source;
			sourceTree = "<group>";
		};
		20B77CAD247FB1F000C1D503 /* Util */ = {
			isa = PBXGroup;
			children = (
				2092CA5D2488D5EB00CB5930 /* DataFormatter.swift */,
				20B77CB0247FB7D000C1D503 /* Logger.swift */,
				20B77CB3247FBB0D00C1D503 /* DispatchTimer.swift */,
				20B77D1E247FCC9F00C1D503 /* Helper.swift */,
				20B77D202480B17F00C1D503 /* Locks.swift */,
			);
			path = Util;
			sourceTree = "<group>";
		};
		20B77CAE247FB20200C1D503 /* Internal */ = {
			isa = PBXGroup;
			children = (
				20B77D4F2484F06600C1D503 /* SendDataChannel.swift */,
				20B77D412484D53800C1D503 /* CentralDelegateProxy.swift */,
				2092CA4A2485E46900CB5930 /* PeripheralDelegateProxy.swift */,
				20B77CC2247FBB9200C1D503 /* ConnectionAttempt.swift */,
				20B77CC7247FBB9200C1D503 /* ConnectionPool.swift */,
				20B77CC5247FBB9200C1D503 /* Scanner.swift */,
				20B77CC6247FBB9200C1D503 /* InternalAvailability.swift */,
			);
			path = Internal;
			sourceTree = "<group>";
		};
		20B77CAF247FB21500C1D503 /* Public */ = {
			isa = PBXGroup;
			children = (
				20B77CB8247FBB8700C1D503 /* Availability.swift */,
				20B77CB9247FBB8700C1D503 /* CentralManager.swift */,
				20B77CB7247FBB8700C1D503 /* PeripheralDiscovery.swift */,
				2092CA472485E42C00CB5930 /* Peripheral.swift */,
				2043F477248F830F00A8B93A /* ServiceInfo.swift */,
				2092CA4D2485ECB000CB5930 /* ServiceInterested.swift */,
				20B77D232480FA0B00C1D503 /* ErrorLocalizedDescriptions.swift */,
			);
			path = Public;
			sourceTree = "<group>";
		};
/* End PBXGroup section */

/* Begin PBXHeadersBuildPhase section */
		20B77C92247FAE2D00C1D503 /* Headers */ = {
			isa = PBXHeadersBuildPhase;
			buildActionMask = 2147483647;
			files = (
				20B77D452484DE0400C1D503 /* BluetoothCentral.h in Headers */,
			);
			runOnlyForDeploymentPostprocessing = 0;
		};
		20B77C9F247FAE3E00C1D503 /* Headers */ = {
			isa = PBXHeadersBuildPhase;
			buildActionMask = 2147483647;
			files = (
				20B77D462484DE0500C1D503 /* BluetoothCentral.h in Headers */,
			);
			runOnlyForDeploymentPostprocessing = 0;
		};
/* End PBXHeadersBuildPhase section */

/* Begin PBXNativeTarget section */
		20B77C96247FAE2D00C1D503 /* BluetoothCentral-iOS */ = {
			isa = PBXNativeTarget;
			buildConfigurationList = 20B77C9C247FAE2D00C1D503 /* Build configuration list for PBXNativeTarget "BluetoothCentral-iOS" */;
			buildPhases = (
				20B77C92247FAE2D00C1D503 /* Headers */,
				20B77C93247FAE2D00C1D503 /* Sources */,
				20B77C94247FAE2D00C1D503 /* Frameworks */,
				20B77C95247FAE2D00C1D503 /* Resources */,
			);
			buildRules = (
			);
			dependencies = (
			);
			name = "BluetoothCentral-iOS";
			productName = "UniversalBluetooth-iOS";
			productReference = 20B77C97247FAE2D00C1D503 /* BluetoothCentral.framework */;
			productType = "com.apple.product-type.framework";
		};
		20B77CA3247FAE3E00C1D503 /* BluetoothCentral-watchOS */ = {
			isa = PBXNativeTarget;
			buildConfigurationList = 20B77CA9247FAE3E00C1D503 /* Build configuration list for PBXNativeTarget "BluetoothCentral-watchOS" */;
			buildPhases = (
				20B77C9F247FAE3E00C1D503 /* Headers */,
				20B77CA0247FAE3E00C1D503 /* Sources */,
				20B77CA1247FAE3E00C1D503 /* Frameworks */,
				20B77CA2247FAE3E00C1D503 /* Resources */,
			);
			buildRules = (
			);
			dependencies = (
			);
			name = "BluetoothCentral-watchOS";
			productName = "UniversalBluetooth-watchOS";
			productReference = 20B77CA4247FAE3E00C1D503 /* BluetoothCentral.framework */;
			productType = "com.apple.product-type.framework";
		};
/* End PBXNativeTarget section */

/* Begin PBXProject section */
		20B77C64247FAD5500C1D503 /* Project object */ = {
			isa = PBXProject;
			attributes = {
				LastUpgradeCheck = 1150;
				TargetAttributes = {
					20B77C96247FAE2D00C1D503 = {
						CreatedOnToolsVersion = 11.5;
						LastSwiftMigration = 1150;
					};
					20B77CA3247FAE3E00C1D503 = {
						CreatedOnToolsVersion = 11.5;
						LastSwiftMigration = 1150;
					};
				};
			};
			buildConfigurationList = 20B77C67247FAD5500C1D503 /* Build configuration list for PBXProject "BluetoothCentral" */;
			compatibilityVersion = "Xcode 9.3";
			developmentRegion = en;
			hasScannedForEncodings = 0;
			knownRegions = (
				en,
				Base,
			);
			mainGroup = 20B77C63247FAD5500C1D503;
			productRefGroup = 20B77C70247FAD9000C1D503 /* Products */;
			projectDirPath = "";
			projectRoot = "";
			targets = (
				20B77C96247FAE2D00C1D503 /* BluetoothCentral-iOS */,
				20B77CA3247FAE3E00C1D503 /* BluetoothCentral-watchOS */,
			);
		};
/* End PBXProject section */

/* Begin PBXResourcesBuildPhase section */
		20B77C95247FAE2D00C1D503 /* Resources */ = {
			isa = PBXResourcesBuildPhase;
			buildActionMask = 2147483647;
			files = (
			);
			runOnlyForDeploymentPostprocessing = 0;
		};
		20B77CA2247FAE3E00C1D503 /* Resources */ = {
			isa = PBXResourcesBuildPhase;
			buildActionMask = 2147483647;
			files = (
			);
			runOnlyForDeploymentPostprocessing = 0;
		};
/* End PBXResourcesBuildPhase section */

/* Begin PBXSourcesBuildPhase section */
		20B77C93247FAE2D00C1D503 /* Sources */ = {
			isa = PBXSourcesBuildPhase;
			buildActionMask = 2147483647;
			files = (
				20B77D502484F06600C1D503 /* SendDataChannel.swift in Sources */,
				2092CA4B2485E46900CB5930 /* PeripheralDelegateProxy.swift in Sources */,
				20B77CB1247FB7D000C1D503 /* Logger.swift in Sources */,
				20B77CB4247FBB0D00C1D503 /* DispatchTimer.swift in Sources */,
				20B77D212480B17F00C1D503 /* Locks.swift in Sources */,
				20B77CBC247FBB8700C1D503 /* PeripheralDiscovery.swift in Sources */,
				20B77D242480FA0B00C1D503 /* ErrorLocalizedDescriptions.swift in Sources */,
				20B77CBE247FBB8700C1D503 /* Availability.swift in Sources */,
				20B77D422484D53800C1D503 /* CentralDelegateProxy.swift in Sources */,
				20B77CC8247FBB9200C1D503 /* ConnectionAttempt.swift in Sources */,
				2092CA482485E42C00CB5930 /* Peripheral.swift in Sources */,
				20B77CC0247FBB8700C1D503 /* CentralManager.swift in Sources */,
				2092CA5E2488D5EB00CB5930 /* DataFormatter.swift in Sources */,
				20B77CD0247FBB9200C1D503 /* InternalAvailability.swift in Sources */,
				20B77CD2247FBB9200C1D503 /* ConnectionPool.swift in Sources */,
				2043F478248F830F00A8B93A /* ServiceInfo.swift in Sources */,
				2092CA4E2485ECB000CB5930 /* ServiceInterested.swift in Sources */,
				20B77D1F247FCC9F00C1D503 /* Helper.swift in Sources */,
				20B77CCE247FBB9200C1D503 /* Scanner.swift in Sources */,
			);
			runOnlyForDeploymentPostprocessing = 0;
		};
		20B77CA0247FAE3E00C1D503 /* Sources */ = {
			isa = PBXSourcesBuildPhase;
			buildActionMask = 2147483647;
			files = (
				20B77D512484F06600C1D503 /* SendDataChannel.swift in Sources */,
				2092CA4C2485E46900CB5930 /* PeripheralDelegateProxy.swift in Sources */,
				20B77D472484DE1800C1D503 /* Helper.swift in Sources */,
				20B77D432484D53800C1D503 /* CentralDelegateProxy.swift in Sources */,
				20B77CB2247FB7D000C1D503 /* Logger.swift in Sources */,
				20B77CB5247FBB0D00C1D503 /* DispatchTimer.swift in Sources */,
				20B77D222480B17F00C1D503 /* Locks.swift in Sources */,
				20B77CBD247FBB8700C1D503 /* PeripheralDiscovery.swift in Sources */,
				20B77CBF247FBB8700C1D503 /* Availability.swift in Sources */,
				20B77CC9247FBB9200C1D503 /* ConnectionAttempt.swift in Sources */,
				2092CA492485E42C00CB5930 /* Peripheral.swift in Sources */,
				20B77CC1247FBB8700C1D503 /* CentralManager.swift in Sources */,
				2092CA5F2488D5EB00CB5930 /* DataFormatter.swift in Sources */,
				20B77D252480FA0B00C1D503 /* ErrorLocalizedDescriptions.swift in Sources */,
				20B77CD1247FBB9200C1D503 /* InternalAvailability.swift in Sources */,
				2043F479248F830F00A8B93A /* ServiceInfo.swift in Sources */,
				2092CA4F2485ECB000CB5930 /* ServiceInterested.swift in Sources */,
				20B77CD3247FBB9200C1D503 /* ConnectionPool.swift in Sources */,
				20B77CCF247FBB9200C1D503 /* Scanner.swift in Sources */,
			);
			runOnlyForDeploymentPostprocessing = 0;
		};
/* End PBXSourcesBuildPhase section */

/* Begin XCBuildConfiguration section */
		20B77C68247FAD5500C1D503 /* Debug */ = {
			isa = XCBuildConfiguration;
			buildSettings = {
			};
			name = Debug;
		};
		20B77C69247FAD5500C1D503 /* Release */ = {
			isa = XCBuildConfiguration;
			buildSettings = {
			};
			name = Release;
		};
		20B77C9D247FAE2D00C1D503 /* Debug */ = {
			isa = XCBuildConfiguration;
			buildSettings = {
				ALWAYS_SEARCH_USER_PATHS = NO;
				CLANG_ANALYZER_NONNULL = YES;
				CLANG_ANALYZER_NUMBER_OBJECT_CONVERSION = YES_AGGRESSIVE;
				CLANG_CXX_LANGUAGE_STANDARD = "gnu++14";
				CLANG_CXX_LIBRARY = "libc++";
				CLANG_ENABLE_MODULES = YES;
				CLANG_ENABLE_OBJC_ARC = YES;
				CLANG_ENABLE_OBJC_WEAK = YES;
				CLANG_WARN_BLOCK_CAPTURE_AUTORELEASING = YES;
				CLANG_WARN_BOOL_CONVERSION = YES;
				CLANG_WARN_COMMA = YES;
				CLANG_WARN_CONSTANT_CONVERSION = YES;
				CLANG_WARN_DEPRECATED_OBJC_IMPLEMENTATIONS = YES;
				CLANG_WARN_DIRECT_OBJC_ISA_USAGE = YES_ERROR;
				CLANG_WARN_DOCUMENTATION_COMMENTS = YES;
				CLANG_WARN_EMPTY_BODY = YES;
				CLANG_WARN_ENUM_CONVERSION = YES;
				CLANG_WARN_INFINITE_RECURSION = YES;
				CLANG_WARN_INT_CONVERSION = YES;
				CLANG_WARN_NON_LITERAL_NULL_CONVERSION = YES;
				CLANG_WARN_OBJC_IMPLICIT_RETAIN_SELF = YES;
				CLANG_WARN_OBJC_LITERAL_CONVERSION = YES;
				CLANG_WARN_OBJC_ROOT_CLASS = YES_ERROR;
				CLANG_WARN_RANGE_LOOP_ANALYSIS = YES;
				CLANG_WARN_STRICT_PROTOTYPES = YES;
				CLANG_WARN_SUSPICIOUS_MOVE = YES;
				CLANG_WARN_UNGUARDED_AVAILABILITY = YES_AGGRESSIVE;
				CLANG_WARN_UNREACHABLE_CODE = YES;
				CLANG_WARN__DUPLICATE_METHOD_MATCH = YES;
				CODE_SIGN_STYLE = Automatic;
				COPY_PHASE_STRIP = NO;
				CURRENT_PROJECT_VERSION = 1;
				DEBUG_INFORMATION_FORMAT = dwarf;
				DEFINES_MODULE = YES;
				DYLIB_COMPATIBILITY_VERSION = 1;
				DYLIB_CURRENT_VERSION = 1;
				DYLIB_INSTALL_NAME_BASE = "@rpath";
				ENABLE_STRICT_OBJC_MSGSEND = YES;
				ENABLE_TESTABILITY = YES;
				GCC_C_LANGUAGE_STANDARD = gnu11;
				GCC_DYNAMIC_NO_PIC = NO;
				GCC_NO_COMMON_BLOCKS = YES;
				GCC_OPTIMIZATION_LEVEL = 0;
				GCC_PREPROCESSOR_DEFINITIONS = (
					"DEBUG=1",
					"$(inherited)",
				);
				GCC_WARN_64_TO_32_BIT_CONVERSION = YES;
				GCC_WARN_ABOUT_RETURN_TYPE = YES_ERROR;
				GCC_WARN_UNDECLARED_SELECTOR = YES;
				GCC_WARN_UNINITIALIZED_AUTOS = YES_AGGRESSIVE;
				GCC_WARN_UNUSED_FUNCTION = YES;
				GCC_WARN_UNUSED_VARIABLE = YES;
				INFOPLIST_FILE = BluetoothCentral/Info.plist;
				INSTALL_PATH = "$(LOCAL_LIBRARY_DIR)/Frameworks";
				IPHONEOS_DEPLOYMENT_TARGET = 9.0;
				LD_RUNPATH_SEARCH_PATHS = (
					"$(inherited)",
					"@executable_path/Frameworks",
					"@loader_path/Frameworks",
				);
				MTL_ENABLE_DEBUG_INFO = INCLUDE_SOURCE;
				MTL_FAST_MATH = YES;
				ONLY_ACTIVE_ARCH = YES;
				PRODUCT_BUNDLE_IDENTIFIER = me.yunhua.BluetoothCentral;
				PRODUCT_NAME = BluetoothCentral;
				SDKROOT = iphoneos;
				SKIP_INSTALL = YES;
				SUPPORTS_MACCATALYST = NO;
				SWIFT_ACTIVE_COMPILATION_CONDITIONS = DEBUG;
				SWIFT_OPTIMIZATION_LEVEL = "-Onone";
				SWIFT_VERSION = 5.0;
				TARGETED_DEVICE_FAMILY = "1,2";
				VERSIONING_SYSTEM = "apple-generic";
				VERSION_INFO_PREFIX = "";
			};
			name = Debug;
		};
		20B77C9E247FAE2D00C1D503 /* Release */ = {
			isa = XCBuildConfiguration;
			buildSettings = {
				ALWAYS_SEARCH_USER_PATHS = NO;
				CLANG_ANALYZER_NONNULL = YES;
				CLANG_ANALYZER_NUMBER_OBJECT_CONVERSION = YES_AGGRESSIVE;
				CLANG_CXX_LANGUAGE_STANDARD = "gnu++14";
				CLANG_CXX_LIBRARY = "libc++";
				CLANG_ENABLE_MODULES = YES;
				CLANG_ENABLE_OBJC_ARC = YES;
				CLANG_ENABLE_OBJC_WEAK = YES;
				CLANG_WARN_BLOCK_CAPTURE_AUTORELEASING = YES;
				CLANG_WARN_BOOL_CONVERSION = YES;
				CLANG_WARN_COMMA = YES;
				CLANG_WARN_CONSTANT_CONVERSION = YES;
				CLANG_WARN_DEPRECATED_OBJC_IMPLEMENTATIONS = YES;
				CLANG_WARN_DIRECT_OBJC_ISA_USAGE = YES_ERROR;
				CLANG_WARN_DOCUMENTATION_COMMENTS = YES;
				CLANG_WARN_EMPTY_BODY = YES;
				CLANG_WARN_ENUM_CONVERSION = YES;
				CLANG_WARN_INFINITE_RECURSION = YES;
				CLANG_WARN_INT_CONVERSION = YES;
				CLANG_WARN_NON_LITERAL_NULL_CONVERSION = YES;
				CLANG_WARN_OBJC_IMPLICIT_RETAIN_SELF = YES;
				CLANG_WARN_OBJC_LITERAL_CONVERSION = YES;
				CLANG_WARN_OBJC_ROOT_CLASS = YES_ERROR;
				CLANG_WARN_RANGE_LOOP_ANALYSIS = YES;
				CLANG_WARN_STRICT_PROTOTYPES = YES;
				CLANG_WARN_SUSPICIOUS_MOVE = YES;
				CLANG_WARN_UNGUARDED_AVAILABILITY = YES_AGGRESSIVE;
				CLANG_WARN_UNREACHABLE_CODE = YES;
				CLANG_WARN__DUPLICATE_METHOD_MATCH = YES;
				CODE_SIGN_STYLE = Automatic;
				COPY_PHASE_STRIP = NO;
				CURRENT_PROJECT_VERSION = 1;
				DEBUG_INFORMATION_FORMAT = "dwarf-with-dsym";
				DEFINES_MODULE = YES;
				DYLIB_COMPATIBILITY_VERSION = 1;
				DYLIB_CURRENT_VERSION = 1;
				DYLIB_INSTALL_NAME_BASE = "@rpath";
				ENABLE_NS_ASSERTIONS = NO;
				ENABLE_STRICT_OBJC_MSGSEND = YES;
				GCC_C_LANGUAGE_STANDARD = gnu11;
				GCC_NO_COMMON_BLOCKS = YES;
				GCC_WARN_64_TO_32_BIT_CONVERSION = YES;
				GCC_WARN_ABOUT_RETURN_TYPE = YES_ERROR;
				GCC_WARN_UNDECLARED_SELECTOR = YES;
				GCC_WARN_UNINITIALIZED_AUTOS = YES_AGGRESSIVE;
				GCC_WARN_UNUSED_FUNCTION = YES;
				GCC_WARN_UNUSED_VARIABLE = YES;
				INFOPLIST_FILE = BluetoothCentral/Info.plist;
				INSTALL_PATH = "$(LOCAL_LIBRARY_DIR)/Frameworks";
				IPHONEOS_DEPLOYMENT_TARGET = 9.0;
				LD_RUNPATH_SEARCH_PATHS = (
					"$(inherited)",
					"@executable_path/Frameworks",
					"@loader_path/Frameworks",
				);
				MTL_ENABLE_DEBUG_INFO = NO;
				MTL_FAST_MATH = YES;
				PRODUCT_BUNDLE_IDENTIFIER = me.yunhua.BluetoothCentral;
				PRODUCT_NAME = BluetoothCentral;
				SDKROOT = iphoneos;
				SKIP_INSTALL = YES;
				SUPPORTS_MACCATALYST = NO;
				SWIFT_COMPILATION_MODE = wholemodule;
				SWIFT_OPTIMIZATION_LEVEL = "-O";
				SWIFT_VERSION = 5.0;
				TARGETED_DEVICE_FAMILY = "1,2";
				VALIDATE_PRODUCT = YES;
				VERSIONING_SYSTEM = "apple-generic";
				VERSION_INFO_PREFIX = "";
			};
			name = Release;
		};
		20B77CAA247FAE3E00C1D503 /* Debug */ = {
			isa = XCBuildConfiguration;
			buildSettings = {
				ALWAYS_SEARCH_USER_PATHS = NO;
				APPLICATION_EXTENSION_API_ONLY = YES;
				CLANG_ANALYZER_NONNULL = YES;
				CLANG_ANALYZER_NUMBER_OBJECT_CONVERSION = YES_AGGRESSIVE;
				CLANG_CXX_LANGUAGE_STANDARD = "gnu++14";
				CLANG_CXX_LIBRARY = "libc++";
				CLANG_ENABLE_MODULES = YES;
				CLANG_ENABLE_OBJC_ARC = YES;
				CLANG_ENABLE_OBJC_WEAK = YES;
				CLANG_WARN_BLOCK_CAPTURE_AUTORELEASING = YES;
				CLANG_WARN_BOOL_CONVERSION = YES;
				CLANG_WARN_COMMA = YES;
				CLANG_WARN_CONSTANT_CONVERSION = YES;
				CLANG_WARN_DEPRECATED_OBJC_IMPLEMENTATIONS = YES;
				CLANG_WARN_DIRECT_OBJC_ISA_USAGE = YES_ERROR;
				CLANG_WARN_DOCUMENTATION_COMMENTS = YES;
				CLANG_WARN_EMPTY_BODY = YES;
				CLANG_WARN_ENUM_CONVERSION = YES;
				CLANG_WARN_INFINITE_RECURSION = YES;
				CLANG_WARN_INT_CONVERSION = YES;
				CLANG_WARN_NON_LITERAL_NULL_CONVERSION = YES;
				CLANG_WARN_OBJC_IMPLICIT_RETAIN_SELF = YES;
				CLANG_WARN_OBJC_LITERAL_CONVERSION = YES;
				CLANG_WARN_OBJC_ROOT_CLASS = YES_ERROR;
				CLANG_WARN_RANGE_LOOP_ANALYSIS = YES;
				CLANG_WARN_STRICT_PROTOTYPES = YES;
				CLANG_WARN_SUSPICIOUS_MOVE = YES;
				CLANG_WARN_UNGUARDED_AVAILABILITY = YES_AGGRESSIVE;
				CLANG_WARN_UNREACHABLE_CODE = YES;
				CLANG_WARN__DUPLICATE_METHOD_MATCH = YES;
				CODE_SIGN_STYLE = Automatic;
				COPY_PHASE_STRIP = NO;
				CURRENT_PROJECT_VERSION = 1;
				DEBUG_INFORMATION_FORMAT = dwarf;
				DEFINES_MODULE = YES;
				DYLIB_COMPATIBILITY_VERSION = 1;
				DYLIB_CURRENT_VERSION = 1;
				DYLIB_INSTALL_NAME_BASE = "@rpath";
				ENABLE_STRICT_OBJC_MSGSEND = YES;
				ENABLE_TESTABILITY = YES;
				GCC_C_LANGUAGE_STANDARD = gnu11;
				GCC_DYNAMIC_NO_PIC = NO;
				GCC_NO_COMMON_BLOCKS = YES;
				GCC_OPTIMIZATION_LEVEL = 0;
				GCC_PREPROCESSOR_DEFINITIONS = (
					"DEBUG=1",
					"$(inherited)",
				);
				GCC_WARN_64_TO_32_BIT_CONVERSION = YES;
				GCC_WARN_ABOUT_RETURN_TYPE = YES_ERROR;
				GCC_WARN_UNDECLARED_SELECTOR = YES;
				GCC_WARN_UNINITIALIZED_AUTOS = YES_AGGRESSIVE;
				GCC_WARN_UNUSED_FUNCTION = YES;
				GCC_WARN_UNUSED_VARIABLE = YES;
				INFOPLIST_FILE = BluetoothCentral/Info.plist;
				INSTALL_PATH = "$(LOCAL_LIBRARY_DIR)/Frameworks";
				LD_RUNPATH_SEARCH_PATHS = (
					"$(inherited)",
					"@executable_path/Frameworks",
					"@loader_path/Frameworks",
				);
				MTL_ENABLE_DEBUG_INFO = INCLUDE_SOURCE;
				MTL_FAST_MATH = YES;
				ONLY_ACTIVE_ARCH = YES;
				PRODUCT_BUNDLE_IDENTIFIER = me.yunhua.BluetoothCentral;
				PRODUCT_NAME = BluetoothCentral;
				SDKROOT = watchos;
				SKIP_INSTALL = YES;
				SWIFT_ACTIVE_COMPILATION_CONDITIONS = DEBUG;
				SWIFT_OPTIMIZATION_LEVEL = "-Onone";
				SWIFT_VERSION = 5.0;
				TARGETED_DEVICE_FAMILY = 4;
				VERSIONING_SYSTEM = "apple-generic";
				VERSION_INFO_PREFIX = "";
				WATCHOS_DEPLOYMENT_TARGET = 4.0;
			};
			name = Debug;
		};
		20B77CAB247FAE3E00C1D503 /* Release */ = {
			isa = XCBuildConfiguration;
			buildSettings = {
				ALWAYS_SEARCH_USER_PATHS = NO;
				APPLICATION_EXTENSION_API_ONLY = YES;
				CLANG_ANALYZER_NONNULL = YES;
				CLANG_ANALYZER_NUMBER_OBJECT_CONVERSION = YES_AGGRESSIVE;
				CLANG_CXX_LANGUAGE_STANDARD = "gnu++14";
				CLANG_CXX_LIBRARY = "libc++";
				CLANG_ENABLE_MODULES = YES;
				CLANG_ENABLE_OBJC_ARC = YES;
				CLANG_ENABLE_OBJC_WEAK = YES;
				CLANG_WARN_BLOCK_CAPTURE_AUTORELEASING = YES;
				CLANG_WARN_BOOL_CONVERSION = YES;
				CLANG_WARN_COMMA = YES;
				CLANG_WARN_CONSTANT_CONVERSION = YES;
				CLANG_WARN_DEPRECATED_OBJC_IMPLEMENTATIONS = YES;
				CLANG_WARN_DIRECT_OBJC_ISA_USAGE = YES_ERROR;
				CLANG_WARN_DOCUMENTATION_COMMENTS = YES;
				CLANG_WARN_EMPTY_BODY = YES;
				CLANG_WARN_ENUM_CONVERSION = YES;
				CLANG_WARN_INFINITE_RECURSION = YES;
				CLANG_WARN_INT_CONVERSION = YES;
				CLANG_WARN_NON_LITERAL_NULL_CONVERSION = YES;
				CLANG_WARN_OBJC_IMPLICIT_RETAIN_SELF = YES;
				CLANG_WARN_OBJC_LITERAL_CONVERSION = YES;
				CLANG_WARN_OBJC_ROOT_CLASS = YES_ERROR;
				CLANG_WARN_RANGE_LOOP_ANALYSIS = YES;
				CLANG_WARN_STRICT_PROTOTYPES = YES;
				CLANG_WARN_SUSPICIOUS_MOVE = YES;
				CLANG_WARN_UNGUARDED_AVAILABILITY = YES_AGGRESSIVE;
				CLANG_WARN_UNREACHABLE_CODE = YES;
				CLANG_WARN__DUPLICATE_METHOD_MATCH = YES;
				CODE_SIGN_STYLE = Automatic;
				COPY_PHASE_STRIP = NO;
				CURRENT_PROJECT_VERSION = 1;
				DEBUG_INFORMATION_FORMAT = "dwarf-with-dsym";
				DEFINES_MODULE = YES;
				DYLIB_COMPATIBILITY_VERSION = 1;
				DYLIB_CURRENT_VERSION = 1;
				DYLIB_INSTALL_NAME_BASE = "@rpath";
				ENABLE_NS_ASSERTIONS = NO;
				ENABLE_STRICT_OBJC_MSGSEND = YES;
				GCC_C_LANGUAGE_STANDARD = gnu11;
				GCC_NO_COMMON_BLOCKS = YES;
				GCC_WARN_64_TO_32_BIT_CONVERSION = YES;
				GCC_WARN_ABOUT_RETURN_TYPE = YES_ERROR;
				GCC_WARN_UNDECLARED_SELECTOR = YES;
				GCC_WARN_UNINITIALIZED_AUTOS = YES_AGGRESSIVE;
				GCC_WARN_UNUSED_FUNCTION = YES;
				GCC_WARN_UNUSED_VARIABLE = YES;
				INFOPLIST_FILE = BluetoothCentral/Info.plist;
				INSTALL_PATH = "$(LOCAL_LIBRARY_DIR)/Frameworks";
				LD_RUNPATH_SEARCH_PATHS = (
					"$(inherited)",
					"@executable_path/Frameworks",
					"@loader_path/Frameworks",
				);
				MTL_ENABLE_DEBUG_INFO = NO;
				MTL_FAST_MATH = YES;
				PRODUCT_BUNDLE_IDENTIFIER = me.yunhua.BluetoothCentral;
				PRODUCT_NAME = BluetoothCentral;
				SDKROOT = watchos;
				SKIP_INSTALL = YES;
				SWIFT_COMPILATION_MODE = wholemodule;
				SWIFT_OPTIMIZATION_LEVEL = "-O";
				SWIFT_VERSION = 5.0;
				TARGETED_DEVICE_FAMILY = 4;
				VALIDATE_PRODUCT = YES;
				VERSIONING_SYSTEM = "apple-generic";
				VERSION_INFO_PREFIX = "";
				WATCHOS_DEPLOYMENT_TARGET = 4.0;
			};
			name = Release;
		};
/* End XCBuildConfiguration section */

/* Begin XCConfigurationList section */
		20B77C67247FAD5500C1D503 /* Build configuration list for PBXProject "BluetoothCentral" */ = {
			isa = XCConfigurationList;
			buildConfigurations = (
				20B77C68247FAD5500C1D503 /* Debug */,
				20B77C69247FAD5500C1D503 /* Release */,
			);
			defaultConfigurationIsVisible = 0;
			defaultConfigurationName = Release;
		};
		20B77C9C247FAE2D00C1D503 /* Build configuration list for PBXNativeTarget "BluetoothCentral-iOS" */ = {
			isa = XCConfigurationList;
			buildConfigurations = (
				20B77C9D247FAE2D00C1D503 /* Debug */,
				20B77C9E247FAE2D00C1D503 /* Release */,
			);
			defaultConfigurationIsVisible = 0;
			defaultConfigurationName = Release;
		};
		20B77CA9247FAE3E00C1D503 /* Build configuration list for PBXNativeTarget "BluetoothCentral-watchOS" */ = {
			isa = XCConfigurationList;
			buildConfigurations = (
				20B77CAA247FAE3E00C1D503 /* Debug */,
				20B77CAB247FAE3E00C1D503 /* Release */,
			);
			defaultConfigurationIsVisible = 0;
			defaultConfigurationName = Release;
		};
/* End XCConfigurationList section */
	};
	rootObject = 20B77C64247FAD5500C1D503 /* Project object */;
}
